
Microsoft Visual Studio Solution File, Format Version 12.00
# Visual Studio Version 16
VisualStudioVersion = 16.0.30413.136
MinimumVisualStudioVersion = 10.0.40219.1
Project("{FAE04EC0-301F-11D3-BF4B-00C04F79EFBC}") = "Minimalni trvanlivost", "Minimalni trvanlivost\Minimalni trvanlivost.csproj", "{779D16A9-37D6-4169-9A2C-6ED452ADB329}"
EndProject
Global
	GlobalSection(SolutionConfigurationPlatforms) = preSolution
		Debug|Any CPU = Debug|Any CPU
		Release|Any CPU = Release|Any CPU
	EndGlobalSection
	GlobalSection(ProjectConfigurationPlatforms) = postSolution
		{779D16A9-37D6-4169-9A2C-6ED452ADB329}.Debug|Any CPU.ActiveCfg = Debug|Any CPU
		{779D16A9-37D6-4169-9A2C-6ED452ADB329}.Debug|Any CPU.Build.0 = Debug|Any CPU
		{779D16A9-37D6-4169-9A2C-6ED452ADB329}.Release|Any CPU.ActiveCfg = Release|Any CPU
		{779D16A9-37D6-4169-9A2C-6ED452ADB329}.Release|Any CPU.Build.0 = Release|Any CPU
	EndGlobalSection
	GlobalSection(SolutionProperties) = preSolution
		HideSolutionNode = FALSE
	EndGlobalSection
	GlobalSection(ExtensibilityGlobals) = postSolution
		SolutionGuid = {395970C8-AE2D-4EFB-8911-913F1DEC8DBC}
	EndGlobalSection
EndGlobal
